{
  "name": "my_scientific_profile",
  "lockfileVersion": 3,
  "requires": true,
  "packages": {
    "": {
      "devDependencies": {
        "@quarto/netlify-plugin-quarto": "^0.0.5"
      }
    },
    "node_modules/@octokit/auth-token": {
      "version": "2.5.0",
      "dev": true,
      "license": "MIT",
      "dependencies": {
        "@octokit/types": "^6.0.3"
      }
    },
    "node_modules/@octokit/core": {
      "version": "3.6.0",
      "dev": true,
      "license": "MIT",
      "dependencies": {
        "@octokit/auth-token": "^2.4.4",
        "@octokit/graphql": "^4.5.8",
        "@octokit/request": "^5.6.3",
        "@octokit/request-error": "^2.0.5",
        "@octokit/types": "^6.0.3",
        "before-after-hook": "^2.2.0",
        "universal-user-agent": "^6.0.0"
      }
    },
    "node_modules/@octokit/core/node_modules/@octokit/graphql": {
      "dev": true
    },
    "node_modules/@octokit/core/node_modules/@octokit/request-error": {
      "version": "2.1.0",
      "dev": true,
      "license": "MIT",
      "dependencies": {
        "@octokit/types": "^6.0.3",
        "deprecation": "^2.0.0",
        "once": "^1.4.0"
      }
    },
    "node_modules/@octokit/core/node_modules/universal-user-agent": {
      "dev": true
    },
    "node_modules/@octokit/endpoint": {
      "version": "6.0.12",
      "dev": true,
      "license": "MIT",
      "dependencies": {
        "@octokit/types": "^6.0.3",
        "is-plain-object": "^5.0.0",
        "universal-user-agent": "^6.0.0"
      }
    },
    "node_modules/@octokit/openapi-types": {
      "version": "12.11.0",
      "dev": true,
      "license": "MIT"
    },
    "node_modules/@octokit/plugin-paginate-rest": {
      "version": "2.21.3",
      "dev": true,
      "license": "MIT",
      "dependencies": {
        "@octokit/types": "^6.40.0"
      },
      "peerDependencies": {
        "@octokit/core": ">=2"
      }
    },
    "node_modules/@octokit/plugin-request-log": {
      "version": "1.0.4",
      "dev": true,
      "license": "MIT",
      "peerDependencies": {
        "@octokit/core": ">=3"
      }
    },
    "node_modules/@octokit/plugin-rest-endpoint-methods": {
      "version": "5.16.2",
      "dev": true,
      "license": "MIT",
      "dependencies": {
        "@octokit/types": "^6.39.0",
        "deprecation": "^2.3.1"
      },
      "peerDependencies": {
        "@octokit/core": ">=3"
      }
    },
    "node_modules/@octokit/request": {
      "version": "5.6.3",
      "dev": true,
      "license": "MIT",
      "dependencies": {
        "@octokit/endpoint": "^6.0.1",
        "@octokit/request-error": "^2.1.0",
        "@octokit/types": "^6.16.1",
        "is-plain-object": "^5.0.0",
        "node-fetch": "^2.6.7",
        "universal-user-agent": "^6.0.0"
      }
    },
    "node_modules/@octokit/request/node_modules/@octokit/request-error": {
      "version": "2.1.0",
      "dev": true,
      "license": "MIT",
      "dependencies": {
        "@octokit/types": "^6.0.3",
        "deprecation": "^2.0.0",
        "once": "^1.4.0"
      }
    },
    "node_modules/@octokit/rest": {
      "version": "18.12.0",
      "dev": true,
      "license": "MIT",
      "dependencies": {
        "@octokit/core": "^3.5.1",
        "@octokit/plugin-paginate-rest": "^2.16.8",
        "@octokit/plugin-request-log": "^1.0.4",
        "@octokit/plugin-rest-endpoint-methods": "^5.12.0"
      }
    },
    "node_modules/@octokit/types": {
      "version": "6.41.0",
      "dev": true,
      "license": "MIT",
      "dependencies": {
        "@octokit/openapi-types": "^12.11.0"
      }
    },
    "node_modules/@quarto/netlify-plugin-quarto": {
      "version": "0.0.5",
      "resolved": "https://registry.npmjs.org/@quarto/netlify-plugin-quarto/-/netlify-plugin-quarto-0.0.5.tgz",
      "integrity": "sha512-yFuU00GiGkAjhzLToIqtPM1bOOu++Odeo50Q5KnAlxYvIIrsnn+gCAb0IcUC486TyJVy2VQtq+Ka6AF8lKfVvQ==",
      "dev": true,
      "dependencies": {
        "@octokit/rest": "^18.12.0"
      },
      "engines": {
        "node": ">=16.0.0"
      }
    },
    "node_modules/before-after-hook": {
      "version": "2.2.3",
      "dev": true,
      "license": "Apache-2.0"
    },
    "node_modules/deprecation": {
      "version": "2.3.1",
      "dev": true,
      "license": "ISC"
    },
    "node_modules/is-plain-object": {
      "version": "5.0.0",
      "dev": true,
      "license": "MIT",
      "engines": {
        "node": ">=0.10.0"
      }
    },
    "node_modules/node-fetch": {
      "version": "2.6.9",
      "dev": true,
      "license": "MIT",
      "dependencies": {
        "whatwg-url": "^5.0.0"
      },
      "engines": {
        "node": "4.x || >=6.0.0"
      },
      "peerDependencies": {
        "encoding": "^0.1.0"
      },
      "peerDependenciesMeta": {
        "encoding": {
          "optional": true
        }
      }
    },
    "node_modules/once": {
      "version": "1.4.0",
      "dev": true,
      "license": "ISC",
      "dependencies": {
        "wrappy": "1"
      }
    },
    "node_modules/tr46": {
      "version": "0.0.3",
      "dev": true,
      "license": "MIT"
    },
    "node_modules/universal-user-agent": {
      "version": "6.0.0",
      "resolved": "https://registry.npmjs.org/universal-user-agent/-/universal-user-agent-6.0.0.tgz",
      "integrity": "sha512-isyNax3wXoKaulPDZWHQqbmIx1k2tb9fb3GGDBRxCscfYV2Ch7WxPArBsFEG8s/safwXTT7H4QGhaIkTp9447w==",
      "dev": true
    },
    "node_modules/webidl-conversions": {
      "version": "3.0.1",
      "dev": true,
      "license": "BSD-2-Clause"
    },
    "node_modules/whatwg-url": {
      "version": "5.0.0",
      "dev": true,
      "license": "MIT",
      "dependencies": {
        "tr46": "~0.0.3",
        "webidl-conversions": "^3.0.0"
      }
    },
    "node_modules/wrappy": {
      "version": "1.0.2",
      "dev": true,
      "license": "ISC"
    }
  }
}
